// !$*UTF8*$!
{
	archiveVersion = 1;
	classes = {
	};
	objectVersion = 50;
	objects = {

/* Begin PBXBuildFile section */
		099CF52721046B4F00855CCC /* AppDelegate.m in Sources */ = {isa = PBXBuildFile; fileRef = 099CF52621046B4F00855CCC /* AppDelegate.m */; };
		099CF52A21046B4F00855CCC /* ViewController.m in Sources */ = {isa = PBXBuildFile; fileRef = 099CF52921046B4F00855CCC /* ViewController.m */; };
		099CF52D21046B4F00855CCC /* Main.storyboard in Resources */ = {isa = PBXBuildFile; fileRef = 099CF52B21046B4F00855CCC /* Main.storyboard */; };
		099CF52F21046B5000855CCC /* Assets.xcassets in Resources */ = {isa = PBXBuildFile; fileRef = 099CF52E21046B5000855CCC /* Assets.xcassets */; };
		099CF53221046B5000855CCC /* LaunchScreen.storyboard in Resources */ = {isa = PBXBuildFile; fileRef = 099CF53021046B5000855CCC /* LaunchScreen.storyboard */; };
		099CF53521046B5000855CCC /* main.m in Sources */ = {isa = PBXBuildFile; fileRef = 099CF53421046B5000855CCC /* main.m */; };
/* End PBXBuildFile section */

/* Begin PBXFileReference section */
		099CF52221046B4F00855CCC /* yinyuezhengdongtiao.app */ = {isa = PBXFileReference; explicitFileType = wrapper.application; includeInIndex = 0; path = yinyuezhengdongtiao.app; sourceTree = BUILT_PRODUCTS_DIR; };
		099CF52521046B4F00855CCC /* AppDelegate.h */ = {isa = PBXFileReference; lastKnownFileType = sourcecode.c.h; path = AppDelegate.h; sourceTree = "<group>"; };
		099CF52621046B4F00855CCC /* AppDelegate.m */ = {isa = PBXFileReference; lastKnownFileType = sourcecode.c.objc; path = AppDelegate.m; sourceTree = "<group>"; };
		099CF52821046B4F00855CCC /* ViewController.h */ = {isa = PBXFileReference; lastKnownFileType = sourcecode.c.h; path = ViewController.h; sourceTree = "<group>"; };
		099CF52921046B4F00855CCC /* ViewController.m */ = {isa = PBXFileReference; lastKnownFileType = sourcecode.c.objc; path = ViewController.m; sourceTree = "<group>"; };
		099CF52C21046B4F00855CCC /* Base */ = {isa = PBXFileReference; lastKnownFileType = file.storyboard; name = Base; path = Base.lproj/Main.storyboard; sourceTree = "<group>"; };
		099CF52E21046B5000855CCC /* Assets.xcassets */ = {isa = PBXFileReference; lastKnownFileType = folder.assetcatalog; path = Assets.xcassets; sourceTree = "<group>"; };
		099CF53121046B5000855CCC /* Base */ = {isa = PBXFileReference; lastKnownFileType = file.storyboard; name = Base; path = Base.lproj/LaunchScreen.storyboard; sourceTree = "<group>"; };
		099CF53321046B5000855CCC /* Info.plist */ = {isa = PBXFileReference; lastKnownFileType = text.plist.xml; path = Info.plist; sourceTree = "<group>"; };
		099CF53421046B5000855CCC /* main.m */ = {isa = PBXFileReference; lastKnownFileType = sourcecode.c.objc; path = main.m; sourceTree = "<group>"; };
/* End PBXFileReference section */

/* Begin PBXFrameworksBuildPhase section */
		099CF51F21046B4F00855CCC /* Frameworks */ = {
			isa = PBXFrameworksBuildPhase;
			buildActionMask = 2147483647;
			files = (
			);
			runOnlyForDeploymentPostprocessing = 0;
		};
/* End PBXFrameworksBuildPhase section */

/* Begin PBXGroup section */
		099CF51921046B4F00855CCC = {
			isa = PBXGroup;
			children = (
				099CF52421046B4F00855CCC /* yinyuezhengdongtiao */,
				099CF52321046B4F00855CCC /* Products */,
			);
			sourceTree = "<group>";
		};
		099CF52321046B4F00855CCC /* Products */ = {
			isa = PBXGroup;
			children = (
				099CF52221046B4F00855CCC /* yinyuezhengdongtiao.app */,
			);
			name = Products;
			sourceTree = "<group>";
		};
		099CF52421046B4F00855CCC /* yinyuezhengdongtiao */ = {
			isa = PBXGroup;
			children = (
				099CF52521046B4F00855CCC /* AppDelegate.h */,
				099CF52621046B4F00855CCC /* AppDelegate.m */,
				099CF52821046B4F00855CCC /* ViewController.h */,
				099CF52921046B4F00855CCC /* ViewController.m */,
				099CF52B21046B4F00855CCC /* Main.storyboard */,
				099CF52E21046B5000855CCC /* Assets.xcassets */,
				099CF53021046B5000855CCC /* LaunchScreen.storyboard */,
				099CF53321046B5000855CCC /* Info.plist */,
				099CF53421046B5000855CCC /* main.m */,
			);
			path = yinyuezhengdongtiao;
			sourceTree = "<group>";
		};
/* End PBXGroup section */

/* Begin PBXNativeTarget section */
		099CF52121046B4F00855CCC /* yinyuezhengdongtiao */ = {
			isa = PBXNativeTarget;
			buildConfigurationList = 099CF53821046B5000855CCC /* Build configuration list for PBXNativeTarget "yinyuezhengdongtiao" */;
			buildPhases = (
				099CF51E21046B4F00855CCC /* Sources */,
				099CF51F21046B4F00855CCC /* Frameworks */,
				099CF52021046B4F00855CCC /* Resources */,
			);
			buildRules = (
			);
			dependencies = (
			);
			name = yinyuezhengdongtiao;
			productName = yinyuezhengdongtiao;
			productReference = 099CF52221046B4F00855CCC /* yinyuezhengdongtiao.app */;
			productType = "com.apple.product-type.application";
		};
/* End PBXNativeTarget section */

/* Begin PBXProject section */
		099CF51A21046B4F00855CCC /* Project object */ = {
			isa = PBXProject;
			attributes = {
				LastUpgradeCheck = 0940;
				ORGANIZATIONNAME = lty;
				TargetAttributes = {
					099CF52121046B4F00855CCC = {
						CreatedOnToolsVersion = 9.4.1;
					};
				};
			};
			buildConfigurationList = 099CF51D21046B4F00855CCC /* Build configuration list for PBXProject "yinyuezhengdongtiao" */;
			compatibilityVersion = "Xcode 9.3";
			developmentRegion = en;
			hasScannedForEncodings = 0;
			knownRegions = (
				en,
				Base,
			);
			mainGroup = 099CF51921046B4F00855CCC;
			productRefGroup = 099CF52321046B4F00855CCC /* Products */;
			projectDirPath = "";
			projectRoot = "";
			targets = (
				099CF52121046B4F00855CCC /* yinyuezhengdongtiao */,
			);
		};
/* End PBXProject section */

/* Begin PBXResourcesBuildPhase section */
		099CF52021046B4F00855CCC /* Resources */ = {
			isa = PBXResourcesBuildPhase;
			buildActionMask = 2147483647;
			files = (
				099CF53221046B5000855CCC /* LaunchScreen.storyboard in Resources */,
				099CF52F21046B5000855CCC /* Assets.xcassets in Resources */,
				099CF52D21046B4F00855CCC /* Main.storyboard in Resources */,
			);
			runOnlyForDeploymentPostprocessing = 0;
		};
/* End PBXResourcesBuildPhase section */

/* Begin PBXSourcesBuildPhase section */
		099CF51E21046B4F00855CCC /* Sources */ = {
			isa = PBXSourcesBuildPhase;
			buildActionMask = 2147483647;
			files = (
				099CF52A21046B4F00855CCC /* ViewController.m in Sources */,
				099CF53521046B5000855CCC /* main.m in Sources */,
				099CF52721046B4F00855CCC /* AppDelegate.m in Sources */,
			);
			runOnlyForDeploymentPostprocessing = 0;
		};
/* End PBXSourcesBuildPhase section */

/* Begin PBXVariantGroup section */
		099CF52B21046B4F00855CCC /* Main.storyboard */ = {
			isa = PBXVariantGroup;
			children = (
				099CF52C21046B4F00855CCC /* Base */,
			);
			name = Main.storyboard;
			sourceTree = "<group>";
		};
		099CF53021046B5000855CCC /* LaunchScreen.storyboard */ = {
			isa = PBXVariantGroup;
			children = (
				099CF53121046B5000855CCC /* Base */,
			);
			name = LaunchScreen.storyboard;
			sourceTree = "<group>";
		};
/* End PBXVariantGroup section */

/* Begin XCBuildConfiguration section */
		099CF53621046B5000855CCC /* Debug */ = {
			isa = XCBuildConfiguration;
			buildSettings = {
				ALWAYS_SEARCH_USER_PATHS = NO;
				CLANG_ANALYZER_NONNULL = YES;
				CLANG_ANALYZER_NUMBER_OBJECT_CONVERSION = YES_AGGRESSIVE;
				CLANG_CXX_LANGUAGE_STANDARD = "gnu++14";
				CLANG_CXX_LIBRARY = "libc++";
				CLANG_ENABLE_MODULES = YES;
				CLANG_ENABLE_OBJC_ARC = YES;
				CLANG_ENABLE_OBJC_WEAK = YES;
				CLANG_WARN_BLOCK_CAPTURE_AUTORELEASING = YES;
				CLANG_WARN_BOOL_CONVERSION = YES;
				CLANG_WARN_COMMA = YES;
				CLANG_WARN_CONSTANT_CONVERSION = YES;
				CLANG_WARN_DEPRECATED_OBJC_IMPLEMENTATIONS = YES;
				CLANG_WARN_DIRECT_OBJC_ISA_USAGE = YES_ERROR;
				CLANG_WARN_DOCUMENTATION_COMMENTS = YES;
				CLANG_WARN_EMPTY_BODY = YES;
				CLANG_WARN_ENUM_CONVERSION = YES;
				CLANG_WARN_INFINITE_RECURSION = YES;
				CLANG_WARN_INT_CONVERSION = YES;
				CLANG_WARN_NON_LITERAL_NULL_CONVERSION = YES;
				CLANG_WARN_OBJC_IMPLICIT_RETAIN_SELF = YES;
				CLANG_WARN_OBJC_LITERAL_CONVERSION = YES;
				CLANG_WARN_OBJC_ROOT_CLASS = YES_ERROR;
				CLANG_WARN_RANGE_LOOP_ANALYSIS = YES;
				CLANG_WARN_STRICT_PROTOTYPES = YES;
				CLANG_WARN_SUSPICIOUS_MOVE = YES;
				CLANG_WARN_UNGUARDED_AVAILABILITY = YES_AGGRESSIVE;
				CLANG_WARN_UNREACHABLE_CODE = YES;
				CLANG_WARN__DUPLICATE_METHOD_MATCH = YES;
				CODE_SIGN_IDENTITY = "iPhone Developer";
				COPY_PHASE_STRIP = NO;
				DEBUG_INFORMATION_FORMAT = dwarf;
				ENABLE_STRICT_OBJC_MSGSEND = YES;
				ENABLE_TESTABILITY = YES;
				GCC_C_LANGUAGE_STANDARD = gnu11;
				GCC_DYNAMIC_NO_PIC = NO;
				GCC_NO_COMMON_BLOCKS = YES;
				GCC_OPTIMIZATION_LEVEL = 0;
				GCC_PREPROCESSOR_DEFINITIONS = (
					"DEBUG=1",
					"$(inherited)",
				);
				GCC_WARN_64_TO_32_BIT_CONVERSION = YES;
				GCC_WARN_ABOUT_RETURN_TYPE = YES_ERROR;
				GCC_WARN_UNDECLARED_SELECTOR = YES;
				GCC_WARN_UNINITIALIZED_AUTOS = YES_AGGRESSIVE;
				GCC_WARN_UNUSED_FUNCTION = YES;
				GCC_WARN_UNUSED_VARIABLE = YES;
				IPHONEOS_DEPLOYMENT_TARGET = 11.4;
				MTL_ENABLE_DEBUG_INFO = YES;
				ONLY_ACTIVE_ARCH = YES;
				SDKROOT = iphoneos;
			};
			name = Debug;
		};
		099CF53721046B5000855CCC /* Release */ = {
			isa = XCBuildConfiguration;
			buildSettings = {
				ALWAYS_SEARCH_USER_PATHS = NO;
				CLANG_ANALYZER_NONNULL = YES;
				CLANG_ANALYZER_NUMBER_OBJECT_CONVERSION = YES_AGGRESSIVE;
				CLANG_CXX_LANGUAGE_STANDARD = "gnu++14";
				CLANG_CXX_LIBRARY = "libc++";
				CLANG_ENABLE_MODULES = YES;
				CLANG_ENABLE_OBJC_ARC = YES;
				CLANG_ENABLE_OBJC_WEAK = YES;
				CLANG_WARN_BLOCK_CAPTURE_AUTORELEASING = YES;
				CLANG_WARN_BOOL_CONVERSION = YES;
				CLANG_WARN_COMMA = YES;
				CLANG_WARN_CONSTANT_CONVERSION = YES;
				CLANG_WARN_DEPRECATED_OBJC_IMPLEMENTATIONS = YES;
				CLANG_WARN_DIRECT_OBJC_ISA_USAGE = YES_ERROR;
				CLANG_WARN_DOCUMENTATION_COMMENTS = YES;
				CLANG_WARN_EMPTY_BODY = YES;
				CLANG_WARN_ENUM_CONVERSION = YES;
				CLANG_WARN_INFINITE_RECURSION = YES;
				CLANG_WARN_INT_CONVERSION = YES;
				CLANG_WARN_NON_LITERAL_NULL_CONVERSION = YES;
				CLANG_WARN_OBJC_IMPLICIT_RETAIN_SELF = YES;
				CLANG_WARN_OBJC_LITERAL_CONVERSION = YES;
				CLANG_WARN_OBJC_ROOT_CLASS = YES_ERROR;
				CLANG_WARN_RANGE_LOOP_ANALYSIS = YES;
				CLANG_WARN_STRICT_PROTOTYPES = YES;
				CLANG_WARN_SUSPICIOUS_MOVE = YES;
				CLANG_WARN_UNGUARDED_AVAILABILITY = YES_AGGRESSIVE;
				CLANG_WARN_UNREACHABLE_CODE = YES;
				CLANG_WARN__DUPLICATE_METHOD_MATCH = YES;
				CODE_SIGN_IDENTITY = "iPhone Developer";
				COPY_PHASE_STRIP = NO;
				DEBUG_INFORMATION_FORMAT = "dwarf-with-dsym";
				ENABLE_NS_ASSERTIONS = NO;
				ENABLE_STRICT_OBJC_MSGSEND = YES;
				GCC_C_LANGUAGE_STANDARD = gnu11;
				GCC_NO_COMMON_BLOCKS = YES;
				GCC_WARN_64_TO_32_BIT_CONVERSION = YES;
				GCC_WARN_ABOUT_RETURN_TYPE = YES_ERROR;
				GCC_WARN_UNDECLARED_SELECTOR = YES;
				GCC_WARN_UNINITIALIZED_AUTOS = YES_AGGRESSIVE;
				GCC_WARN_UNUSED_FUNCTION = YES;
				GCC_WARN_UNUSED_VARIABLE = YES;
				IPHONEOS_DEPLOYMENT_TARGET = 11.4;
				MTL_ENABLE_DEBUG_INFO = NO;
				SDKROOT = iphoneos;
				VALIDATE_PRODUCT = YES;
			};
			name = Release;
		};
		099CF53921046B5000855CCC /* Debug */ = {
			isa = XCBuildConfiguration;
			buildSettings = {
				ASSETCATALOG_COMPILER_APPICON_NAME = AppIcon;
				CODE_SIGN_STYLE = Automatic;
				DEVELOPMENT_TEAM = GA28455H49;
				INFOPLIST_FILE = yinyuezhengdongtiao/Info.plist;
				LD_RUNPATH_SEARCH_PATHS = (
					"$(inherited)",
					"@executable_path/Frameworks",
				);
				PRODUCT_BUNDLE_IDENTIFIER = lty.yinyuezhengdongtiao;
				PRODUCT_NAME = "$(TARGET_NAME)";
				TARGETED_DEVICE_FAMILY = "1,2";
			};
			name = Debug;
		};
		099CF53A21046B5000855CCC /* Release */ = {
			isa = XCBuildConfiguration;
			buildSettings = {
				ASSETCATALOG_COMPILER_APPICON_NAME = AppIcon;
				CODE_SIGN_STYLE = Automatic;
				DEVELOPMENT_TEAM = GA28455H49;
				INFOPLIST_FILE = yinyuezhengdongtiao/Info.plist;
				LD_RUNPATH_SEARCH_PATHS = (
					"$(inherited)",
					"@executable_path/Frameworks",
				);
				PRODUCT_BUNDLE_IDENTIFIER = lty.yinyuezhengdongtiao;
				PRODUCT_NAME = "$(TARGET_NAME)";
				TARGETED_DEVICE_FAMILY = "1,2";
			};
			name = Release;
		};
/* End XCBuildConfiguration section */

/* Begin XCConfigurationList section */
		099CF51D21046B4F00855CCC /* Build configuration list for PBXProject "yinyuezhengdongtiao" */ = {
			isa = XCConfigurationList;
			buildConfigurations = (
				099CF53621046B5000855CCC /* Debug */,
				099CF53721046B5000855CCC /* Release */,
			);
			defaultConfigurationIsVisible = 0;
			defaultConfigurationName = Release;
		};
		099CF53821046B5000855CCC /* Build configuration list for PBXNativeTarget "yinyuezhengdongtiao" */ = {
			isa = XCConfigurationList;
			buildConfigurations = (
				099CF53921046B5000855CCC /* Debug */,
				099CF53A21046B5000855CCC /* Release */,
			);
			defaultConfigurationIsVisible = 0;
			defaultConfigurationName = Release;
		};
/* End XCConfigurationList section */
	};
	rootObject = 099CF51A21046B4F00855CCC /* Project object */;
}
